
Microsoft Visual Studio Solution File, Format Version 12.00
# Visual Studio Version 16
VisualStudioVersion = 16.0.28803.352
MinimumVisualStudioVersion = 10.0.40219.1
Project("{FAE04EC0-301F-11D3-BF4B-00C04F79EFBC}") = "Day12FriendsEF", "Day12FriendsEF\Day12FriendsEF.csproj", "{32F26AE2-3A7D-4D7A-8455-9D48E6110E2F}"
EndProject
Global
	GlobalSection(SolutionConfigurationPlatforms) = preSolution
		Debug|Any CPU = Debug|Any CPU
		Release|Any CPU = Release|Any CPU
	EndGlobalSection
	GlobalSection(ProjectConfigurationPlatforms) = postSolution
		{32F26AE2-3A7D-4D7A-8455-9D48E6110E2F}.Debug|Any CPU.ActiveCfg = Debug|Any CPU
		{32F26AE2-3A7D-4D7A-8455-9D48E6110E2F}.Debug|Any CPU.Build.0 = Debug|Any CPU
		{32F26AE2-3A7D-4D7A-8455-9D48E6110E2F}.Release|Any CPU.ActiveCfg = Release|Any CPU
		{32F26AE2-3A7D-4D7A-8455-9D48E6110E2F}.Release|Any CPU.Build.0 = Release|Any CPU
	EndGlobalSection
	GlobalSection(SolutionProperties) = preSolution
		HideSolutionNode = FALSE
	EndGlobalSection
	GlobalSection(ExtensibilityGlobals) = postSolution
		SolutionGuid = {17636A65-54AE-4E0C-8AD3-C72BCF46808B}
	EndGlobalSection
EndGlobal
