
Microsoft Visual Studio Solution File, Format Version 12.00
# Visual Studio Version 16
VisualStudioVersion = 16.0.28803.352
MinimumVisualStudioVersion = 10.0.40219.1
Project("{FAE04EC0-301F-11D3-BF4B-00C04F79EFBC}") = "Day09CustomDialog", "Day09CustomDialog\Day09CustomDialog.csproj", "{F4A201A6-D442-4D67-BB6F-073B7DF460D7}"
EndProject
Global
	GlobalSection(SolutionConfigurationPlatforms) = preSolution
		Debug|Any CPU = Debug|Any CPU
		Release|Any CPU = Release|Any CPU
	EndGlobalSection
	GlobalSection(ProjectConfigurationPlatforms) = postSolution
		{F4A201A6-D442-4D67-BB6F-073B7DF460D7}.Debug|Any CPU.ActiveCfg = Debug|Any CPU
		{F4A201A6-D442-4D67-BB6F-073B7DF460D7}.Debug|Any CPU.Build.0 = Debug|Any CPU
		{F4A201A6-D442-4D67-BB6F-073B7DF460D7}.Release|Any CPU.ActiveCfg = Release|Any CPU
		{F4A201A6-D442-4D67-BB6F-073B7DF460D7}.Release|Any CPU.Build.0 = Release|Any CPU
	EndGlobalSection
	GlobalSection(SolutionProperties) = preSolution
		HideSolutionNode = FALSE
	EndGlobalSection
	GlobalSection(ExtensibilityGlobals) = postSolution
		SolutionGuid = {716F3497-24DE-4767-BB69-8C482473AD0A}
	EndGlobalSection
EndGlobal
