
Microsoft Visual Studio Solution File, Format Version 12.00
# Visual Studio Version 16
VisualStudioVersion = 16.0.28803.352
MinimumVisualStudioVersion = 10.0.40219.1
Project("{FAE04EC0-301F-11D3-BF4B-00C04F79EFBC}") = "Day06Notepad", "Day06Notepad\Day06Notepad.csproj", "{4B2D8B73-4E93-49DD-ADA9-F8BD0453B498}"
EndProject
Global
	GlobalSection(SolutionConfigurationPlatforms) = preSolution
		Debug|Any CPU = Debug|Any CPU
		Release|Any CPU = Release|Any CPU
	EndGlobalSection
	GlobalSection(ProjectConfigurationPlatforms) = postSolution
		{4B2D8B73-4E93-49DD-ADA9-F8BD0453B498}.Debug|Any CPU.ActiveCfg = Debug|Any CPU
		{4B2D8B73-4E93-49DD-ADA9-F8BD0453B498}.Debug|Any CPU.Build.0 = Debug|Any CPU
		{4B2D8B73-4E93-49DD-ADA9-F8BD0453B498}.Release|Any CPU.ActiveCfg = Release|Any CPU
		{4B2D8B73-4E93-49DD-ADA9-F8BD0453B498}.Release|Any CPU.Build.0 = Release|Any CPU
	EndGlobalSection
	GlobalSection(SolutionProperties) = preSolution
		HideSolutionNode = FALSE
	EndGlobalSection
	GlobalSection(ExtensibilityGlobals) = postSolution
		SolutionGuid = {045FEDC2-D548-4DAA-9EA7-3DCF41B7A312}
	EndGlobalSection
EndGlobal
